// !$*UTF8*$!
{
	archiveVersion = 1;
	classes = {
	};
	objectVersion = 46;
	objects = {

/* Begin PBXBuildFile section */
		551E159B1DA30BEC00D6D416 /* CustomButton.swift in Sources */ = {isa = PBXBuildFile; fileRef = 551E159A1DA30BEC00D6D416 /* CustomButton.swift */; };
		551E159D1DA40BAB00D6D416 /* Drinks.plist in Resources */ = {isa = PBXBuildFile; fileRef = 551E159C1DA40BAB00D6D416 /* Drinks.plist */; };
		551E159F1DA40C4700D6D416 /* DrinksTable.swift in Sources */ = {isa = PBXBuildFile; fileRef = 551E159E1DA40C4700D6D416 /* DrinksTable.swift */; };
		551E15A11DA4107B00D6D416 /* DrinkDetail.swift in Sources */ = {isa = PBXBuildFile; fileRef = 551E15A01DA4107B00D6D416 /* DrinkDetail.swift */; };
		551E15A31DA414C800D6D416 /* CustomLabelDrinkTitle.swift in Sources */ = {isa = PBXBuildFile; fileRef = 551E15A21DA414C800D6D416 /* CustomLabelDrinkTitle.swift */; };
		5538CB161DA2A7E8003831B1 /* AppDelegate.swift in Sources */ = {isa = PBXBuildFile; fileRef = 5538CB151DA2A7E8003831B1 /* AppDelegate.swift */; };
		5538CB181DA2A7E8003831B1 /* ViewController.swift in Sources */ = {isa = PBXBuildFile; fileRef = 5538CB171DA2A7E8003831B1 /* ViewController.swift */; };
		5538CB1B1DA2A7E8003831B1 /* Main.storyboard in Resources */ = {isa = PBXBuildFile; fileRef = 5538CB191DA2A7E8003831B1 /* Main.storyboard */; };
		5538CB1E1DA2A7E8003831B1 /* barTender.xcdatamodeld in Sources */ = {isa = PBXBuildFile; fileRef = 5538CB1C1DA2A7E8003831B1 /* barTender.xcdatamodeld */; };
		5538CB201DA2A7E8003831B1 /* Assets.xcassets in Resources */ = {isa = PBXBuildFile; fileRef = 5538CB1F1DA2A7E8003831B1 /* Assets.xcassets */; };
		5538CB231DA2A7E8003831B1 /* LaunchScreen.storyboard in Resources */ = {isa = PBXBuildFile; fileRef = 5538CB211DA2A7E8003831B1 /* LaunchScreen.storyboard */; };
		5538CB2B1DA2A8BF003831B1 /* Mayeka Regular Demo.otf in Resources */ = {isa = PBXBuildFile; fileRef = 5538CB2A1DA2A8BF003831B1 /* Mayeka Regular Demo.otf */; };
		5538CB2D1DA2A8CF003831B1 /* Olivia Garcia.ttf in Resources */ = {isa = PBXBuildFile; fileRef = 5538CB2C1DA2A8CF003831B1 /* Olivia Garcia.ttf */; };
		5538CB311DA2AFF9003831B1 /* Theme.swift in Sources */ = {isa = PBXBuildFile; fileRef = 5538CB301DA2AFF9003831B1 /* Theme.swift */; };
		5538CB331DA2B209003831B1 /* CustomLabelAppTitle.swift in Sources */ = {isa = PBXBuildFile; fileRef = 5538CB321DA2B209003831B1 /* CustomLabelAppTitle.swift */; };
/* End PBXBuildFile section */

/* Begin PBXFileReference section */
		551E159A1DA30BEC00D6D416 /* CustomButton.swift */ = {isa = PBXFileReference; fileEncoding = 4; lastKnownFileType = sourcecode.swift; name = CustomButton.swift; path = barTender/CustomButton.swift; sourceTree = "<group>"; };
		551E159C1DA40BAB00D6D416 /* Drinks.plist */ = {isa = PBXFileReference; fileEncoding = 4; lastKnownFileType = text.plist.xml; path = Drinks.plist; sourceTree = "<group>"; };
		551E159E1DA40C4700D6D416 /* DrinksTable.swift */ = {isa = PBXFileReference; fileEncoding = 4; lastKnownFileType = sourcecode.swift; name = DrinksTable.swift; path = ../DrinksTable.swift; sourceTree = "<group>"; };
		551E15A01DA4107B00D6D416 /* DrinkDetail.swift */ = {isa = PBXFileReference; fileEncoding = 4; lastKnownFileType = sourcecode.swift; path = DrinkDetail.swift; sourceTree = "<group>"; };
		551E15A21DA414C800D6D416 /* CustomLabelDrinkTitle.swift */ = {isa = PBXFileReference; fileEncoding = 4; lastKnownFileType = sourcecode.swift; path = CustomLabelDrinkTitle.swift; sourceTree = "<group>"; };
		5538CB121DA2A7E8003831B1 /* barTender.app */ = {isa = PBXFileReference; explicitFileType = wrapper.application; includeInIndex = 0; path = barTender.app; sourceTree = BUILT_PRODUCTS_DIR; };
		5538CB151DA2A7E8003831B1 /* AppDelegate.swift */ = {isa = PBXFileReference; lastKnownFileType = sourcecode.swift; path = AppDelegate.swift; sourceTree = "<group>"; };
		5538CB171DA2A7E8003831B1 /* ViewController.swift */ = {isa = PBXFileReference; lastKnownFileType = sourcecode.swift; path = ViewController.swift; sourceTree = "<group>"; };
		5538CB1A1DA2A7E8003831B1 /* Base */ = {isa = PBXFileReference; lastKnownFileType = file.storyboard; name = Base; path = Base.lproj/Main.storyboard; sourceTree = "<group>"; };
		5538CB1D1DA2A7E8003831B1 /* barTender.xcdatamodel */ = {isa = PBXFileReference; lastKnownFileType = wrapper.xcdatamodel; path = barTender.xcdatamodel; sourceTree = "<group>"; };
		5538CB1F1DA2A7E8003831B1 /* Assets.xcassets */ = {isa = PBXFileReference; lastKnownFileType = folder.assetcatalog; path = Assets.xcassets; sourceTree = "<group>"; };
		5538CB221DA2A7E8003831B1 /* Base */ = {isa = PBXFileReference; lastKnownFileType = file.storyboard; name = Base; path = Base.lproj/LaunchScreen.storyboard; sourceTree = "<group>"; };
		5538CB241DA2A7E8003831B1 /* Info.plist */ = {isa = PBXFileReference; lastKnownFileType = text.plist.xml; path = Info.plist; sourceTree = "<group>"; };
		5538CB2A1DA2A8BF003831B1 /* Mayeka Regular Demo.otf */ = {isa = PBXFileReference; lastKnownFileType = file; path = "Mayeka Regular Demo.otf"; sourceTree = "<group>"; };
		5538CB2C1DA2A8CF003831B1 /* Olivia Garcia.ttf */ = {isa = PBXFileReference; lastKnownFileType = file; path = "Olivia Garcia.ttf"; sourceTree = "<group>"; };
		5538CB301DA2AFF9003831B1 /* Theme.swift */ = {isa = PBXFileReference; fileEncoding = 4; lastKnownFileType = sourcecode.swift; path = Theme.swift; sourceTree = "<group>"; };
		5538CB321DA2B209003831B1 /* CustomLabelAppTitle.swift */ = {isa = PBXFileReference; fileEncoding = 4; lastKnownFileType = sourcecode.swift; path = CustomLabelAppTitle.swift; sourceTree = "<group>"; };
/* End PBXFileReference section */

/* Begin PBXFrameworksBuildPhase section */
		5538CB0F1DA2A7E8003831B1 /* Frameworks */ = {
			isa = PBXFrameworksBuildPhase;
			buildActionMask = 2147483647;
			files = (
			);
			runOnlyForDeploymentPostprocessing = 0;
		};
/* End PBXFrameworksBuildPhase section */

/* Begin PBXGroup section */
		5538CB091DA2A7E8003831B1 = {
			isa = PBXGroup;
			children = (
				5538CB2F1DA2AFE7003831B1 /* theme */,
				5538CB2E1DA2A8D4003831B1 /* fonts */,
				5538CB141DA2A7E8003831B1 /* barTender */,
				5538CB131DA2A7E8003831B1 /* Products */,
			);
			sourceTree = "<group>";
		};
		5538CB131DA2A7E8003831B1 /* Products */ = {
			isa = PBXGroup;
			children = (
				5538CB121DA2A7E8003831B1 /* barTender.app */,
			);
			name = Products;
			sourceTree = "<group>";
		};
		5538CB141DA2A7E8003831B1 /* barTender */ = {
			isa = PBXGroup;
			children = (
				551E159E1DA40C4700D6D416 /* DrinksTable.swift */,
				5538CB151DA2A7E8003831B1 /* AppDelegate.swift */,
				5538CB171DA2A7E8003831B1 /* ViewController.swift */,
				5538CB191DA2A7E8003831B1 /* Main.storyboard */,
				5538CB1F1DA2A7E8003831B1 /* Assets.xcassets */,
				5538CB211DA2A7E8003831B1 /* LaunchScreen.storyboard */,
				5538CB241DA2A7E8003831B1 /* Info.plist */,
				551E159C1DA40BAB00D6D416 /* Drinks.plist */,
				5538CB1C1DA2A7E8003831B1 /* barTender.xcdatamodeld */,
				551E15A01DA4107B00D6D416 /* DrinkDetail.swift */,
			);
			path = barTender;
			sourceTree = "<group>";
		};
		5538CB2E1DA2A8D4003831B1 /* fonts */ = {
			isa = PBXGroup;
			children = (
				5538CB2A1DA2A8BF003831B1 /* Mayeka Regular Demo.otf */,
				5538CB2C1DA2A8CF003831B1 /* Olivia Garcia.ttf */,
			);
			name = fonts;
			sourceTree = "<group>";
		};
		5538CB2F1DA2AFE7003831B1 /* theme */ = {
			isa = PBXGroup;
			children = (
				5538CB301DA2AFF9003831B1 /* Theme.swift */,
				551E159A1DA30BEC00D6D416 /* CustomButton.swift */,
				5538CB321DA2B209003831B1 /* CustomLabelAppTitle.swift */,
				551E15A21DA414C800D6D416 /* CustomLabelDrinkTitle.swift */,
			);
			name = theme;
			sourceTree = "<group>";
		};
/* End PBXGroup section */

/* Begin PBXNativeTarget section */
		5538CB111DA2A7E8003831B1 /* barTender */ = {
			isa = PBXNativeTarget;
			buildConfigurationList = 5538CB271DA2A7E8003831B1 /* Build configuration list for PBXNativeTarget "barTender" */;
			buildPhases = (
				5538CB0E1DA2A7E8003831B1 /* Sources */,
				5538CB0F1DA2A7E8003831B1 /* Frameworks */,
				5538CB101DA2A7E8003831B1 /* Resources */,
			);
			buildRules = (
			);
			dependencies = (
			);
			name = barTender;
			productName = barTender;
			productReference = 5538CB121DA2A7E8003831B1 /* barTender.app */;
			productType = "com.apple.product-type.application";
		};
/* End PBXNativeTarget section */

/* Begin PBXProject section */
		5538CB0A1DA2A7E8003831B1 /* Project object */ = {
			isa = PBXProject;
			attributes = {
				LastSwiftUpdateCheck = 0800;
				LastUpgradeCheck = 0800;
				ORGANIZATIONNAME = "Virtual Sirius";
				TargetAttributes = {
					5538CB111DA2A7E8003831B1 = {
						CreatedOnToolsVersion = 8.0;
						DevelopmentTeam = 277JQ5FG9P;
						ProvisioningStyle = Automatic;
					};
				};
			};
			buildConfigurationList = 5538CB0D1DA2A7E8003831B1 /* Build configuration list for PBXProject "barTender" */;
			compatibilityVersion = "Xcode 3.2";
			developmentRegion = English;
			hasScannedForEncodings = 0;
			knownRegions = (
				en,
				Base,
			);
			mainGroup = 5538CB091DA2A7E8003831B1;
			productRefGroup = 5538CB131DA2A7E8003831B1 /* Products */;
			projectDirPath = "";
			projectRoot = "";
			targets = (
				5538CB111DA2A7E8003831B1 /* barTender */,
			);
		};
/* End PBXProject section */

/* Begin PBXResourcesBuildPhase section */
		5538CB101DA2A7E8003831B1 /* Resources */ = {
			isa = PBXResourcesBuildPhase;
			buildActionMask = 2147483647;
			files = (
				5538CB231DA2A7E8003831B1 /* LaunchScreen.storyboard in Resources */,
				5538CB2B1DA2A8BF003831B1 /* Mayeka Regular Demo.otf in Resources */,
				5538CB201DA2A7E8003831B1 /* Assets.xcassets in Resources */,
				5538CB1B1DA2A7E8003831B1 /* Main.storyboard in Resources */,
				5538CB2D1DA2A8CF003831B1 /* Olivia Garcia.ttf in Resources */,
				551E159D1DA40BAB00D6D416 /* Drinks.plist in Resources */,
			);
			runOnlyForDeploymentPostprocessing = 0;
		};
/* End PBXResourcesBuildPhase section */

/* Begin PBXSourcesBuildPhase section */
		5538CB0E1DA2A7E8003831B1 /* Sources */ = {
			isa = PBXSourcesBuildPhase;
			buildActionMask = 2147483647;
			files = (
				5538CB331DA2B209003831B1 /* CustomLabelAppTitle.swift in Sources */,
				5538CB181DA2A7E8003831B1 /* ViewController.swift in Sources */,
				551E15A31DA414C800D6D416 /* CustomLabelDrinkTitle.swift in Sources */,
				551E159B1DA30BEC00D6D416 /* CustomButton.swift in Sources */,
				551E159F1DA40C4700D6D416 /* DrinksTable.swift in Sources */,
				5538CB311DA2AFF9003831B1 /* Theme.swift in Sources */,
				5538CB161DA2A7E8003831B1 /* AppDelegate.swift in Sources */,
				5538CB1E1DA2A7E8003831B1 /* barTender.xcdatamodeld in Sources */,
				551E15A11DA4107B00D6D416 /* DrinkDetail.swift in Sources */,
			);
			runOnlyForDeploymentPostprocessing = 0;
		};
/* End PBXSourcesBuildPhase section */

/* Begin PBXVariantGroup section */
		5538CB191DA2A7E8003831B1 /* Main.storyboard */ = {
			isa = PBXVariantGroup;
			children = (
				5538CB1A1DA2A7E8003831B1 /* Base */,
			);
			name = Main.storyboard;
			sourceTree = "<group>";
		};
		5538CB211DA2A7E8003831B1 /* LaunchScreen.storyboard */ = {
			isa = PBXVariantGroup;
			children = (
				5538CB221DA2A7E8003831B1 /* Base */,
			);
			name = LaunchScreen.storyboard;
			sourceTree = "<group>";
		};
/* End PBXVariantGroup section */

/* Begin XCBuildConfiguration section */
		5538CB251DA2A7E8003831B1 /* Debug */ = {
			isa = XCBuildConfiguration;
			buildSettings = {
				ALWAYS_SEARCH_USER_PATHS = NO;
				CLANG_ANALYZER_NONNULL = YES;
				CLANG_CXX_LANGUAGE_STANDARD = "gnu++0x";
				CLANG_CXX_LIBRARY = "libc++";
				CLANG_ENABLE_MODULES = YES;
				CLANG_ENABLE_OBJC_ARC = YES;
				CLANG_WARN_BOOL_CONVERSION = YES;
				CLANG_WARN_CONSTANT_CONVERSION = YES;
				CLANG_WARN_DIRECT_OBJC_ISA_USAGE = YES_ERROR;
				CLANG_WARN_DOCUMENTATION_COMMENTS = YES;
				CLANG_WARN_EMPTY_BODY = YES;
				CLANG_WARN_ENUM_CONVERSION = YES;
				CLANG_WARN_INFINITE_RECURSION = YES;
				CLANG_WARN_INT_CONVERSION = YES;
				CLANG_WARN_OBJC_ROOT_CLASS = YES_ERROR;
				CLANG_WARN_SUSPICIOUS_MOVES = YES;
				CLANG_WARN_UNREACHABLE_CODE = YES;
				CLANG_WARN__DUPLICATE_METHOD_MATCH = YES;
				"CODE_SIGN_IDENTITY[sdk=iphoneos*]" = "iPhone Developer";
				COPY_PHASE_STRIP = NO;
				DEBUG_INFORMATION_FORMAT = dwarf;
				ENABLE_STRICT_OBJC_MSGSEND = YES;
				ENABLE_TESTABILITY = YES;
				GCC_C_LANGUAGE_STANDARD = gnu99;
				GCC_DYNAMIC_NO_PIC = NO;
				GCC_NO_COMMON_BLOCKS = YES;
				GCC_OPTIMIZATION_LEVEL = 0;
				GCC_PREPROCESSOR_DEFINITIONS = (
					"DEBUG=1",
					"$(inherited)",
				);
				GCC_WARN_64_TO_32_BIT_CONVERSION = YES;
				GCC_WARN_ABOUT_RETURN_TYPE = YES_ERROR;
				GCC_WARN_UNDECLARED_SELECTOR = YES;
				GCC_WARN_UNINITIALIZED_AUTOS = YES_AGGRESSIVE;
				GCC_WARN_UNUSED_FUNCTION = YES;
				GCC_WARN_UNUSED_VARIABLE = YES;
				IPHONEOS_DEPLOYMENT_TARGET = 10.0;
				MTL_ENABLE_DEBUG_INFO = YES;
				ONLY_ACTIVE_ARCH = YES;
				SDKROOT = iphoneos;
				SWIFT_ACTIVE_COMPILATION_CONDITIONS = DEBUG;
				SWIFT_OPTIMIZATION_LEVEL = "-Onone";
			};
			name = Debug;
		};
		5538CB261DA2A7E8003831B1 /* Release */ = {
			isa = XCBuildConfiguration;
			buildSettings = {
				ALWAYS_SEARCH_USER_PATHS = NO;
				CLANG_ANALYZER_NONNULL = YES;
				CLANG_CXX_LANGUAGE_STANDARD = "gnu++0x";
				CLANG_CXX_LIBRARY = "libc++";
				CLANG_ENABLE_MODULES = YES;
				CLANG_ENABLE_OBJC_ARC = YES;
				CLANG_WARN_BOOL_CONVERSION = YES;
				CLANG_WARN_CONSTANT_CONVERSION = YES;
				CLANG_WARN_DIRECT_OBJC_ISA_USAGE = YES_ERROR;
				CLANG_WARN_DOCUMENTATION_COMMENTS = YES;
				CLANG_WARN_EMPTY_BODY = YES;
				CLANG_WARN_ENUM_CONVERSION = YES;
				CLANG_WARN_INFINITE_RECURSION = YES;
				CLANG_WARN_INT_CONVERSION = YES;
				CLANG_WARN_OBJC_ROOT_CLASS = YES_ERROR;
				CLANG_WARN_SUSPICIOUS_MOVES = YES;
				CLANG_WARN_UNREACHABLE_CODE = YES;
				CLANG_WARN__DUPLICATE_METHOD_MATCH = YES;
				"CODE_SIGN_IDENTITY[sdk=iphoneos*]" = "iPhone Developer";
				COPY_PHASE_STRIP = NO;
				DEBUG_INFORMATION_FORMAT = "dwarf-with-dsym";
				ENABLE_NS_ASSERTIONS = NO;
				ENABLE_STRICT_OBJC_MSGSEND = YES;
				GCC_C_LANGUAGE_STANDARD = gnu99;
				GCC_NO_COMMON_BLOCKS = YES;
				GCC_WARN_64_TO_32_BIT_CONVERSION = YES;
				GCC_WARN_ABOUT_RETURN_TYPE = YES_ERROR;
				GCC_WARN_UNDECLARED_SELECTOR = YES;
				GCC_WARN_UNINITIALIZED_AUTOS = YES_AGGRESSIVE;
				GCC_WARN_UNUSED_FUNCTION = YES;
				GCC_WARN_UNUSED_VARIABLE = YES;
				IPHONEOS_DEPLOYMENT_TARGET = 10.0;
				MTL_ENABLE_DEBUG_INFO = NO;
				SDKROOT = iphoneos;
				SWIFT_OPTIMIZATION_LEVEL = "-Owholemodule";
				VALIDATE_PRODUCT = YES;
			};
			name = Release;
		};
		5538CB281DA2A7E8003831B1 /* Debug */ = {
			isa = XCBuildConfiguration;
			buildSettings = {
				ASSETCATALOG_COMPILER_APPICON_NAME = AppIcon;
				DEVELOPMENT_TEAM = 277JQ5FG9P;
				INFOPLIST_FILE = barTender/Info.plist;
				IPHONEOS_DEPLOYMENT_TARGET = 9.0;
				LD_RUNPATH_SEARCH_PATHS = "$(inherited) @executable_path/Frameworks";
				PRODUCT_BUNDLE_IDENTIFIER = mx.perezdelara.marduk.barTender;
				PRODUCT_NAME = "$(TARGET_NAME)";
				SWIFT_VERSION = 3.0;
			};
			name = Debug;
		};
		5538CB291DA2A7E8003831B1 /* Release */ = {
			isa = XCBuildConfiguration;
			buildSettings = {
				ASSETCATALOG_COMPILER_APPICON_NAME = AppIcon;
				DEVELOPMENT_TEAM = 277JQ5FG9P;
				INFOPLIST_FILE = barTender/Info.plist;
				IPHONEOS_DEPLOYMENT_TARGET = 9.0;
				LD_RUNPATH_SEARCH_PATHS = "$(inherited) @executable_path/Frameworks";
				PRODUCT_BUNDLE_IDENTIFIER = mx.perezdelara.marduk.barTender;
				PRODUCT_NAME = "$(TARGET_NAME)";
				SWIFT_VERSION = 3.0;
			};
			name = Release;
		};
/* End XCBuildConfiguration section */

/* Begin XCConfigurationList section */
		5538CB0D1DA2A7E8003831B1 /* Build configuration list for PBXProject "barTender" */ = {
			isa = XCConfigurationList;
			buildConfigurations = (
				5538CB251DA2A7E8003831B1 /* Debug */,
				5538CB261DA2A7E8003831B1 /* Release */,
			);
			defaultConfigurationIsVisible = 0;
			defaultConfigurationName = Release;
		};
		5538CB271DA2A7E8003831B1 /* Build configuration list for PBXNativeTarget "barTender" */ = {
			isa = XCConfigurationList;
			buildConfigurations = (
				5538CB281DA2A7E8003831B1 /* Debug */,
				5538CB291DA2A7E8003831B1 /* Release */,
			);
			defaultConfigurationIsVisible = 0;
			defaultConfigurationName = Release;
		};
/* End XCConfigurationList section */

/* Begin XCVersionGroup section */
		5538CB1C1DA2A7E8003831B1 /* barTender.xcdatamodeld */ = {
			isa = XCVersionGroup;
			children = (
				5538CB1D1DA2A7E8003831B1 /* barTender.xcdatamodel */,
			);
			currentVersion = 5538CB1D1DA2A7E8003831B1 /* barTender.xcdatamodel */;
			path = barTender.xcdatamodeld;
			sourceTree = "<group>";
			versionGroupType = wrapper.xcdatamodel;
		};
/* End XCVersionGroup section */
	};
	rootObject = 5538CB0A1DA2A7E8003831B1 /* Project object */;
}
